{
  "name": "client-3d-test",
  "version": "1.0.0",
  "lockfileVersion": 1,
  "requires": true,
  "dependencies": {
    "@zoot/client-3d": {
      "version": "1.0.8",
      "resolved": "https://registry.npmjs.org/@zoot/client-3d/-/client-3d-1.0.8.tgz",
      "integrity": "sha512-MHWEjateeqGC42o70vwnFfLhsR766Y1S87MnOjegFClLsHL1swR6H+c/aXp3tkqiiaF4yg1VBH4Q11lHwKahtA=="
    }
  }
}
