{
  "name": "client-3d-test",
  "version": "1.0.0",
  "lockfileVersion": 1,
  "requires": true,
  "dependencies": {
    "@zoot/client-3d": {
      "version": "1.0.10",
      "resolved": "https://registry.npmjs.org/@zoot/client-3d/-/client-3d-1.0.10.tgz",
      "integrity": "sha512-AbBhygVbe6bhdUtI0Z34RonCF3jEUyVuY1KkRQJXFP03MJDMkjTlzJb68vl9mADWvd4iV4sKg0aiZroGWrtIgw=="
    }
  }
}
