{
  "name": "client-3d-test",
  "version": "1.0.0",
  "lockfileVersion": 1,
  "requires": true,
  "dependencies": {
    "@zoot/client-3d": {
      "version": "1.0.11",
      "resolved": "https://registry.npmjs.org/@zoot/client-3d/-/client-3d-1.0.11.tgz",
      "integrity": "sha512-VZZ3wUGtgvnScJu5Qa/GeGH/5UplQi77KBcxmlmD+Gm4YYGLa6G2S6je86lbVw2lXcoA2mql0RAxJNHsPGNfsg=="
    }
  }
}
